{
  "originHash" : "4b024bcdb2902368409b5a2fab1c9b6eda1986886545bb640d4ab65dfd7f5ea0",
  "pins" : [
    {
      "identity" : "tniosbase",
      "kind" : "remoteSourceControl",
      "location" : "https://github.com/ThinhNguyenRS/TnIosBase",
      "state" : {
        "branch" : "main",
        "revision" : "4a9c313e744c0cc33111c12f78422c208135632b"
      }
    }
  ],
  "version" : 3
}
