{
  "originHash" : "4b024bcdb2902368409b5a2fab1c9b6eda1986886545bb640d4ab65dfd7f5ea0",
  "pins" : [
    {
      "identity" : "tniosbase",
      "kind" : "remoteSourceControl",
      "location" : "https://github.com/ThinhNguyenRS/TnIosBase",
      "state" : {
        "branch" : "main",
        "revision" : "e5f01c4aa0068f9c97e52de138c3b74359280366"
      }
    }
  ],
  "version" : 3
}
