{
  "originHash" : "ec61695d7cc413cb7d2523f7ab5041c3b0980d84e1096352900b69c17ea45815",
  "pins" : [
    {
      "identity" : "tniosbase",
      "kind" : "remoteSourceControl",
      "location" : "https://github.com/ThinhNguyenRS/TnIosBase",
      "state" : {
        "branch" : "main",
        "revision" : "f76f73916ce498f986fd0d7b67fdc8a811dd2423"
      }
    }
  ],
  "version" : 3
}
